// !$*UTF8*$!
{
	archiveVersion = 1;
	classes = {
	};
	objectVersion = 46;
	objects = {

/* Begin PBXBuildFile section */
		802DC7B51CCE9DFE00674357 /* VesselInfoWindow.xib in Resources */ = {isa = PBXBuildFile; fileRef = 802DC7B41CCE9DFE00674357 /* VesselInfoWindow.xib */; };
		8040BA951CCDFA2A00FC7EB3 /* ResultsCell.swift in Sources */ = {isa = PBXBuildFile; fileRef = 8040BA941CCDFA2A00FC7EB3 /* ResultsCell.swift */; };
		80BA46751CCBE173001A31A2 /* AppDelegate.swift in Sources */ = {isa = PBXBuildFile; fileRef = 80BA46741CCBE173001A31A2 /* AppDelegate.swift */; };
		80BA46771CCBE173001A31A2 /* Assets.xcassets in Resources */ = {isa = PBXBuildFile; fileRef = 80BA46761CCBE173001A31A2 /* Assets.xcassets */; };
		80BA467A1CCBE173001A31A2 /* MainMenu.xib in Resources */ = {isa = PBXBuildFile; fileRef = 80BA46781CCBE173001A31A2 /* MainMenu.xib */; };
		80BA46821CCC74E8001A31A2 /* SearchWindowController.swift in Sources */ = {isa = PBXBuildFile; fileRef = 80BA46811CCC74E8001A31A2 /* SearchWindowController.swift */; };
		80BA46861CCC76FD001A31A2 /* ResultsWindowController.swift in Sources */ = {isa = PBXBuildFile; fileRef = 80BA46851CCC76FD001A31A2 /* ResultsWindowController.swift */; };
		80BA46881CCC7854001A31A2 /* VesselWindowController.swift in Sources */ = {isa = PBXBuildFile; fileRef = 80BA46871CCC7854001A31A2 /* VesselWindowController.swift */; };
		80BA468C1CCC8144001A31A2 /* ResultsWindow.xib in Resources */ = {isa = PBXBuildFile; fileRef = 80BA468B1CCC8144001A31A2 /* ResultsWindow.xib */; };
		80BA468F1CCC8C36001A31A2 /* Vessel.swift in Sources */ = {isa = PBXBuildFile; fileRef = 80BA468E1CCC8C36001A31A2 /* Vessel.swift */; };
		80BA46991CCC9D7B001A31A2 /* ALASKA.csv in Resources */ = {isa = PBXBuildFile; fileRef = 80BA46911CCC9D7B001A31A2 /* ALASKA.csv */; };
		80BA469A1CCC9D7B001A31A2 /* ccsbt_carrier_vessels.csv in Resources */ = {isa = PBXBuildFile; fileRef = 80BA46921CCC9D7B001A31A2 /* ccsbt_carrier_vessels.csv */; };
		80BA469B1CCC9D7B001A31A2 /* ccsbt_fishing_vessels.csv in Resources */ = {isa = PBXBuildFile; fileRef = 80BA46931CCC9D7B001A31A2 /* ccsbt_fishing_vessels.csv */; };
		80BA469C1CCC9D7B001A31A2 /* EURO.csv in Resources */ = {isa = PBXBuildFile; fileRef = 80BA46941CCC9D7B001A31A2 /* EURO.csv */; };
		80BA469D1CCC9D7B001A31A2 /* FFA_GOODSTANDING.csv in Resources */ = {isa = PBXBuildFile; fileRef = 80BA46951CCC9D7B001A31A2 /* FFA_GOODSTANDING.csv */; };
		80BA469F1CCC9D7B001A31A2 /* IOTC.csv in Resources */ = {isa = PBXBuildFile; fileRef = 80BA46971CCC9D7B001A31A2 /* IOTC.csv */; };
		80BA46A01CCC9D7B001A31A2 /* WCPFC.csv in Resources */ = {isa = PBXBuildFile; fileRef = 80BA46981CCC9D7B001A31A2 /* WCPFC.csv */; };
		A57D9954773DFADD5E57302C /* Pods_VesselLookup.framework in Frameworks */ = {isa = PBXBuildFile; fileRef = D745469878D6EE97D33F0F79 /* Pods_VesselLookup.framework */; };
/* End PBXBuildFile section */

/* Begin PBXFileReference section */
		3438C52C6822E27E73A0D56B /* Pods-VesselLookup.debug.xcconfig */ = {isa = PBXFileReference; includeInIndex = 1; lastKnownFileType = text.xcconfig; name = "Pods-VesselLookup.debug.xcconfig"; path = "Pods/Target Support Files/Pods-VesselLookup/Pods-VesselLookup.debug.xcconfig"; sourceTree = "<group>"; };
		802DC7B41CCE9DFE00674357 /* VesselInfoWindow.xib */ = {isa = PBXFileReference; fileEncoding = 4; lastKnownFileType = file.xib; path = VesselInfoWindow.xib; sourceTree = "<group>"; };
		8040BA941CCDFA2A00FC7EB3 /* ResultsCell.swift */ = {isa = PBXFileReference; fileEncoding = 4; lastKnownFileType = sourcecode.swift; path = ResultsCell.swift; sourceTree = "<group>"; };
		80BA46711CCBE173001A31A2 /* Ocean Vessels.app */ = {isa = PBXFileReference; explicitFileType = wrapper.application; includeInIndex = 0; path = "Ocean Vessels.app"; sourceTree = BUILT_PRODUCTS_DIR; };
		80BA46741CCBE173001A31A2 /* AppDelegate.swift */ = {isa = PBXFileReference; lastKnownFileType = sourcecode.swift; path = AppDelegate.swift; sourceTree = "<group>"; };
		80BA46761CCBE173001A31A2 /* Assets.xcassets */ = {isa = PBXFileReference; lastKnownFileType = folder.assetcatalog; path = Assets.xcassets; sourceTree = "<group>"; };
		80BA46791CCBE173001A31A2 /* Base */ = {isa = PBXFileReference; lastKnownFileType = file.xib; name = Base; path = Base.lproj/MainMenu.xib; sourceTree = "<group>"; };
		80BA467B1CCBE173001A31A2 /* Info.plist */ = {isa = PBXFileReference; lastKnownFileType = text.plist.xml; path = Info.plist; sourceTree = "<group>"; };
		80BA46811CCC74E8001A31A2 /* SearchWindowController.swift */ = {isa = PBXFileReference; fileEncoding = 4; lastKnownFileType = sourcecode.swift; path = SearchWindowController.swift; sourceTree = "<group>"; };
		80BA46851CCC76FD001A31A2 /* ResultsWindowController.swift */ = {isa = PBXFileReference; fileEncoding = 4; lastKnownFileType = sourcecode.swift; path = ResultsWindowController.swift; sourceTree = "<group>"; };
		80BA46871CCC7854001A31A2 /* VesselWindowController.swift */ = {isa = PBXFileReference; fileEncoding = 4; lastKnownFileType = sourcecode.swift; path = VesselWindowController.swift; sourceTree = "<group>"; };
		80BA468B1CCC8144001A31A2 /* ResultsWindow.xib */ = {isa = PBXFileReference; fileEncoding = 4; lastKnownFileType = file.xib; path = ResultsWindow.xib; sourceTree = "<group>"; };
		80BA468E1CCC8C36001A31A2 /* Vessel.swift */ = {isa = PBXFileReference; fileEncoding = 4; lastKnownFileType = sourcecode.swift; path = Vessel.swift; sourceTree = "<group>"; };
		80BA46911CCC9D7B001A31A2 /* ALASKA.csv */ = {isa = PBXFileReference; fileEncoding = 4; lastKnownFileType = text; path = ALASKA.csv; sourceTree = "<group>"; };
		80BA46921CCC9D7B001A31A2 /* ccsbt_carrier_vessels.csv */ = {isa = PBXFileReference; fileEncoding = 4; lastKnownFileType = text; path = ccsbt_carrier_vessels.csv; sourceTree = "<group>"; };
		80BA46931CCC9D7B001A31A2 /* ccsbt_fishing_vessels.csv */ = {isa = PBXFileReference; fileEncoding = 4; lastKnownFileType = text; path = ccsbt_fishing_vessels.csv; sourceTree = "<group>"; };
		80BA46941CCC9D7B001A31A2 /* EURO.csv */ = {isa = PBXFileReference; fileEncoding = 4; lastKnownFileType = text; path = EURO.csv; sourceTree = "<group>"; };
		80BA46951CCC9D7B001A31A2 /* FFA_GOODSTANDING.csv */ = {isa = PBXFileReference; fileEncoding = 4; lastKnownFileType = text; path = FFA_GOODSTANDING.csv; sourceTree = "<group>"; };
		80BA46971CCC9D7B001A31A2 /* IOTC.csv */ = {isa = PBXFileReference; fileEncoding = 4; lastKnownFileType = text; path = IOTC.csv; sourceTree = "<group>"; };
		80BA46981CCC9D7B001A31A2 /* WCPFC.csv */ = {isa = PBXFileReference; fileEncoding = 4; lastKnownFileType = text; path = WCPFC.csv; sourceTree = "<group>"; };
		80BA46A11CCCAD82001A31A2 /* VesselLookup.entitlements */ = {isa = PBXFileReference; lastKnownFileType = text.xml; path = VesselLookup.entitlements; sourceTree = "<group>"; };
		A333B3BBCE8E950B1BF6A1A2 /* Pods-VesselLookup.release.xcconfig */ = {isa = PBXFileReference; includeInIndex = 1; lastKnownFileType = text.xcconfig; name = "Pods-VesselLookup.release.xcconfig"; path = "Pods/Target Support Files/Pods-VesselLookup/Pods-VesselLookup.release.xcconfig"; sourceTree = "<group>"; };
		D745469878D6EE97D33F0F79 /* Pods_VesselLookup.framework */ = {isa = PBXFileReference; explicitFileType = wrapper.framework; includeInIndex = 0; path = Pods_VesselLookup.framework; sourceTree = BUILT_PRODUCTS_DIR; };
/* End PBXFileReference section */

/* Begin PBXFrameworksBuildPhase section */
		80BA466E1CCBE173001A31A2 /* Frameworks */ = {
			isa = PBXFrameworksBuildPhase;
			buildActionMask = 2147483647;
			files = (
				A57D9954773DFADD5E57302C /* Pods_VesselLookup.framework in Frameworks */,
			);
			runOnlyForDeploymentPostprocessing = 0;
		};
/* End PBXFrameworksBuildPhase section */

/* Begin PBXGroup section */
		8040BA931CCDFA0900FC7EB3 /* Views */ = {
			isa = PBXGroup;
			children = (
				8040BA941CCDFA2A00FC7EB3 /* ResultsCell.swift */,
			);
			name = Views;
			sourceTree = "<group>";
		};
		80BA46681CCBE173001A31A2 = {
			isa = PBXGroup;
			children = (
				80BA46731CCBE173001A31A2 /* VesselLookup */,
				80BA46721CCBE173001A31A2 /* Products */,
				A1F1C24F8B978C711FC02DD8 /* Pods */,
				EC1683C28FE8A11C1AB1C542 /* Frameworks */,
			);
			sourceTree = "<group>";
		};
		80BA46721CCBE173001A31A2 /* Products */ = {
			isa = PBXGroup;
			children = (
				80BA46711CCBE173001A31A2 /* Ocean Vessels.app */,
			);
			name = Products;
			sourceTree = "<group>";
		};
		80BA46731CCBE173001A31A2 /* VesselLookup */ = {
			isa = PBXGroup;
			children = (
				80BA46A11CCCAD82001A31A2 /* VesselLookup.entitlements */,
				80BA46761CCBE173001A31A2 /* Assets.xcassets */,
				80BA46781CCBE173001A31A2 /* MainMenu.xib */,
				80BA468B1CCC8144001A31A2 /* ResultsWindow.xib */,
				802DC7B41CCE9DFE00674357 /* VesselInfoWindow.xib */,
				80BA468A1CCC810A001A31A2 /* Singletons */,
				80BA468D1CCC89F3001A31A2 /* Models */,
				80BA46901CCC9D62001A31A2 /* Files */,
				80BA46891CCC8101001A31A2 /* View Controllers */,
				8040BA931CCDFA0900FC7EB3 /* Views */,
				80BA467B1CCBE173001A31A2 /* Info.plist */,
			);
			path = VesselLookup;
			sourceTree = "<group>";
		};
		80BA46891CCC8101001A31A2 /* View Controllers */ = {
			isa = PBXGroup;
			children = (
				80BA46811CCC74E8001A31A2 /* SearchWindowController.swift */,
				80BA46851CCC76FD001A31A2 /* ResultsWindowController.swift */,
				80BA46871CCC7854001A31A2 /* VesselWindowController.swift */,
			);
			name = "View Controllers";
			sourceTree = "<group>";
		};
		80BA468A1CCC810A001A31A2 /* Singletons */ = {
			isa = PBXGroup;
			children = (
				80BA46741CCBE173001A31A2 /* AppDelegate.swift */,
			);
			name = Singletons;
			sourceTree = "<group>";
		};
		80BA468D1CCC89F3001A31A2 /* Models */ = {
			isa = PBXGroup;
			children = (
				80BA468E1CCC8C36001A31A2 /* Vessel.swift */,
			);
			name = Models;
			sourceTree = "<group>";
		};
		80BA46901CCC9D62001A31A2 /* Files */ = {
			isa = PBXGroup;
			children = (
				80BA46911CCC9D7B001A31A2 /* ALASKA.csv */,
				80BA46921CCC9D7B001A31A2 /* ccsbt_carrier_vessels.csv */,
				80BA46931CCC9D7B001A31A2 /* ccsbt_fishing_vessels.csv */,
				80BA46941CCC9D7B001A31A2 /* EURO.csv */,
				80BA46951CCC9D7B001A31A2 /* FFA_GOODSTANDING.csv */,
				80BA46971CCC9D7B001A31A2 /* IOTC.csv */,
				80BA46981CCC9D7B001A31A2 /* WCPFC.csv */,
			);
			name = Files;
			sourceTree = "<group>";
		};
		A1F1C24F8B978C711FC02DD8 /* Pods */ = {
			isa = PBXGroup;
			children = (
				3438C52C6822E27E73A0D56B /* Pods-VesselLookup.debug.xcconfig */,
				A333B3BBCE8E950B1BF6A1A2 /* Pods-VesselLookup.release.xcconfig */,
			);
			name = Pods;
			sourceTree = "<group>";
		};
		EC1683C28FE8A11C1AB1C542 /* Frameworks */ = {
			isa = PBXGroup;
			children = (
				D745469878D6EE97D33F0F79 /* Pods_VesselLookup.framework */,
			);
			name = Frameworks;
			sourceTree = "<group>";
		};
/* End PBXGroup section */

/* Begin PBXNativeTarget section */
		80BA46701CCBE173001A31A2 /* VesselLookup */ = {
			isa = PBXNativeTarget;
			buildConfigurationList = 80BA467E1CCBE173001A31A2 /* Build configuration list for PBXNativeTarget "VesselLookup" */;
			buildPhases = (
				7A6F3BB11E0C921C9C64BE86 /* Check Pods Manifest.lock */,
				80BA466D1CCBE173001A31A2 /* Sources */,
				80BA466E1CCBE173001A31A2 /* Frameworks */,
				80BA466F1CCBE173001A31A2 /* Resources */,
				F8B0AD979F75E3A48C24BE99 /* Embed Pods Frameworks */,
				6B72763CCAA92D3D120CED4E /* Copy Pods Resources */,
			);
			buildRules = (
			);
			dependencies = (
			);
			name = VesselLookup;
			productName = VesselLookup;
			productReference = 80BA46711CCBE173001A31A2 /* Ocean Vessels.app */;
			productType = "com.apple.product-type.application";
		};
/* End PBXNativeTarget section */

/* Begin PBXProject section */
		80BA46691CCBE173001A31A2 /* Project object */ = {
			isa = PBXProject;
			attributes = {
				LastSwiftUpdateCheck = 0730;
				LastUpgradeCheck = 0730;
				ORGANIZATIONNAME = Epistrophy;
				TargetAttributes = {
					80BA46701CCBE173001A31A2 = {
						CreatedOnToolsVersion = 7.3;
						DevelopmentTeam = 7HRY9VMUPV;
						SystemCapabilities = {
							com.apple.Sandbox = {
								enabled = 1;
							};
						};
					};
				};
			};
			buildConfigurationList = 80BA466C1CCBE173001A31A2 /* Build configuration list for PBXProject "VesselLookup" */;
			compatibilityVersion = "Xcode 3.2";
			developmentRegion = English;
			hasScannedForEncodings = 0;
			knownRegions = (
				en,
				Base,
			);
			mainGroup = 80BA46681CCBE173001A31A2;
			productRefGroup = 80BA46721CCBE173001A31A2 /* Products */;
			projectDirPath = "";
			projectRoot = "";
			targets = (
				80BA46701CCBE173001A31A2 /* VesselLookup */,
			);
		};
/* End PBXProject section */

/* Begin PBXResourcesBuildPhase section */
		80BA466F1CCBE173001A31A2 /* Resources */ = {
			isa = PBXResourcesBuildPhase;
			buildActionMask = 2147483647;
			files = (
				80BA46771CCBE173001A31A2 /* Assets.xcassets in Resources */,
				80BA46991CCC9D7B001A31A2 /* ALASKA.csv in Resources */,
				80BA468C1CCC8144001A31A2 /* ResultsWindow.xib in Resources */,
				80BA469F1CCC9D7B001A31A2 /* IOTC.csv in Resources */,
				80BA469D1CCC9D7B001A31A2 /* FFA_GOODSTANDING.csv in Resources */,
				80BA469A1CCC9D7B001A31A2 /* ccsbt_carrier_vessels.csv in Resources */,
				80BA467A1CCBE173001A31A2 /* MainMenu.xib in Resources */,
				80BA469B1CCC9D7B001A31A2 /* ccsbt_fishing_vessels.csv in Resources */,
				80BA46A01CCC9D7B001A31A2 /* WCPFC.csv in Resources */,
				80BA469C1CCC9D7B001A31A2 /* EURO.csv in Resources */,
				802DC7B51CCE9DFE00674357 /* VesselInfoWindow.xib in Resources */,
			);
			runOnlyForDeploymentPostprocessing = 0;
		};
/* End PBXResourcesBuildPhase section */

/* Begin PBXShellScriptBuildPhase section */
		6B72763CCAA92D3D120CED4E /* Copy Pods Resources */ = {
			isa = PBXShellScriptBuildPhase;
			buildActionMask = 2147483647;
			files = (
			);
			inputPaths = (
			);
			name = "Copy Pods Resources";
			outputPaths = (
			);
			runOnlyForDeploymentPostprocessing = 0;
			shellPath = /bin/sh;
			shellScript = "\"${SRCROOT}/Pods/Target Support Files/Pods-VesselLookup/Pods-VesselLookup-resources.sh\"\n";
			showEnvVarsInLog = 0;
		};
		7A6F3BB11E0C921C9C64BE86 /* Check Pods Manifest.lock */ = {
			isa = PBXShellScriptBuildPhase;
			buildActionMask = 2147483647;
			files = (
			);
			inputPaths = (
			);
			name = "Check Pods Manifest.lock";
			outputPaths = (
			);
			runOnlyForDeploymentPostprocessing = 0;
			shellPath = /bin/sh;
			shellScript = "diff \"${PODS_ROOT}/../Podfile.lock\" \"${PODS_ROOT}/Manifest.lock\" > /dev/null\nif [[ $? != 0 ]] ; then\n    cat << EOM\nerror: The sandbox is not in sync with the Podfile.lock. Run 'pod install' or update your CocoaPods installation.\nEOM\n    exit 1\nfi\n";
			showEnvVarsInLog = 0;
		};
		F8B0AD979F75E3A48C24BE99 /* Embed Pods Frameworks */ = {
			isa = PBXShellScriptBuildPhase;
			buildActionMask = 2147483647;
			files = (
			);
			inputPaths = (
			);
			name = "Embed Pods Frameworks";
			outputPaths = (
			);
			runOnlyForDeploymentPostprocessing = 0;
			shellPath = /bin/sh;
			shellScript = "\"${SRCROOT}/Pods/Target Support Files/Pods-VesselLookup/Pods-VesselLookup-frameworks.sh\"\n";
			showEnvVarsInLog = 0;
		};
/* End PBXShellScriptBuildPhase section */

/* Begin PBXSourcesBuildPhase section */
		80BA466D1CCBE173001A31A2 /* Sources */ = {
			isa = PBXSourcesBuildPhase;
			buildActionMask = 2147483647;
			files = (
				80BA46751CCBE173001A31A2 /* AppDelegate.swift in Sources */,
				80BA468F1CCC8C36001A31A2 /* Vessel.swift in Sources */,
				8040BA951CCDFA2A00FC7EB3 /* ResultsCell.swift in Sources */,
				80BA46881CCC7854001A31A2 /* VesselWindowController.swift in Sources */,
				80BA46861CCC76FD001A31A2 /* ResultsWindowController.swift in Sources */,
				80BA46821CCC74E8001A31A2 /* SearchWindowController.swift in Sources */,
			);
			runOnlyForDeploymentPostprocessing = 0;
		};
/* End PBXSourcesBuildPhase section */

/* Begin PBXVariantGroup section */
		80BA46781CCBE173001A31A2 /* MainMenu.xib */ = {
			isa = PBXVariantGroup;
			children = (
				80BA46791CCBE173001A31A2 /* Base */,
			);
			name = MainMenu.xib;
			sourceTree = "<group>";
		};
/* End PBXVariantGroup section */

/* Begin XCBuildConfiguration section */
		80BA467C1CCBE173001A31A2 /* Debug */ = {
			isa = XCBuildConfiguration;
			buildSettings = {
				ALWAYS_SEARCH_USER_PATHS = NO;
				CLANG_ANALYZER_NONNULL = YES;
				CLANG_CXX_LANGUAGE_STANDARD = "gnu++0x";
				CLANG_CXX_LIBRARY = "libc++";
				CLANG_ENABLE_MODULES = YES;
				CLANG_ENABLE_OBJC_ARC = YES;
				CLANG_WARN_BOOL_CONVERSION = YES;
				CLANG_WARN_CONSTANT_CONVERSION = YES;
				CLANG_WARN_DIRECT_OBJC_ISA_USAGE = YES_ERROR;
				CLANG_WARN_EMPTY_BODY = YES;
				CLANG_WARN_ENUM_CONVERSION = YES;
				CLANG_WARN_INT_CONVERSION = YES;
				CLANG_WARN_OBJC_ROOT_CLASS = YES_ERROR;
				CLANG_WARN_UNREACHABLE_CODE = YES;
				CLANG_WARN__DUPLICATE_METHOD_MATCH = YES;
				CODE_SIGN_IDENTITY = "-";
				COPY_PHASE_STRIP = NO;
				DEBUG_INFORMATION_FORMAT = dwarf;
				ENABLE_STRICT_OBJC_MSGSEND = YES;
				ENABLE_TESTABILITY = YES;
				GCC_C_LANGUAGE_STANDARD = gnu99;
				GCC_DYNAMIC_NO_PIC = NO;
				GCC_NO_COMMON_BLOCKS = YES;
				GCC_OPTIMIZATION_LEVEL = 0;
				GCC_PREPROCESSOR_DEFINITIONS = (
					"DEBUG=1",
					"$(inherited)",
				);
				GCC_WARN_64_TO_32_BIT_CONVERSION = YES;
				GCC_WARN_ABOUT_RETURN_TYPE = YES_ERROR;
				GCC_WARN_UNDECLARED_SELECTOR = YES;
				GCC_WARN_UNINITIALIZED_AUTOS = YES_AGGRESSIVE;
				GCC_WARN_UNUSED_FUNCTION = YES;
				GCC_WARN_UNUSED_VARIABLE = YES;
				MACOSX_DEPLOYMENT_TARGET = 10.11;
				MTL_ENABLE_DEBUG_INFO = YES;
				ONLY_ACTIVE_ARCH = YES;
				SDKROOT = macosx;
				SWIFT_OPTIMIZATION_LEVEL = "-Onone";
			};
			name = Debug;
		};
		80BA467D1CCBE173001A31A2 /* Release */ = {
			isa = XCBuildConfiguration;
			buildSettings = {
				ALWAYS_SEARCH_USER_PATHS = NO;
				CLANG_ANALYZER_NONNULL = YES;
				CLANG_CXX_LANGUAGE_STANDARD = "gnu++0x";
				CLANG_CXX_LIBRARY = "libc++";
				CLANG_ENABLE_MODULES = YES;
				CLANG_ENABLE_OBJC_ARC = YES;
				CLANG_WARN_BOOL_CONVERSION = YES;
				CLANG_WARN_CONSTANT_CONVERSION = YES;
				CLANG_WARN_DIRECT_OBJC_ISA_USAGE = YES_ERROR;
				CLANG_WARN_EMPTY_BODY = YES;
				CLANG_WARN_ENUM_CONVERSION = YES;
				CLANG_WARN_INT_CONVERSION = YES;
				CLANG_WARN_OBJC_ROOT_CLASS = YES_ERROR;
				CLANG_WARN_UNREACHABLE_CODE = YES;
				CLANG_WARN__DUPLICATE_METHOD_MATCH = YES;
				CODE_SIGN_IDENTITY = "-";
				COPY_PHASE_STRIP = NO;
				DEBUG_INFORMATION_FORMAT = "dwarf-with-dsym";
				ENABLE_NS_ASSERTIONS = NO;
				ENABLE_STRICT_OBJC_MSGSEND = YES;
				GCC_C_LANGUAGE_STANDARD = gnu99;
				GCC_NO_COMMON_BLOCKS = YES;
				GCC_WARN_64_TO_32_BIT_CONVERSION = YES;
				GCC_WARN_ABOUT_RETURN_TYPE = YES_ERROR;
				GCC_WARN_UNDECLARED_SELECTOR = YES;
				GCC_WARN_UNINITIALIZED_AUTOS = YES_AGGRESSIVE;
				GCC_WARN_UNUSED_FUNCTION = YES;
				GCC_WARN_UNUSED_VARIABLE = YES;
				MACOSX_DEPLOYMENT_TARGET = 10.11;
				MTL_ENABLE_DEBUG_INFO = NO;
				SDKROOT = macosx;
			};
			name = Release;
		};
		80BA467F1CCBE173001A31A2 /* Debug */ = {
			isa = XCBuildConfiguration;
			baseConfigurationReference = 3438C52C6822E27E73A0D56B /* Pods-VesselLookup.debug.xcconfig */;
			buildSettings = {
				ASSETCATALOG_COMPILER_APPICON_NAME = AppIcon;
				CODE_SIGN_ENTITLEMENTS = VesselLookup/VesselLookup.entitlements;
				CODE_SIGN_IDENTITY = "Developer ID Application";
				COMBINE_HIDPI_IMAGES = YES;
				INFOPLIST_FILE = VesselLookup/Info.plist;
				LD_RUNPATH_SEARCH_PATHS = "$(inherited) @executable_path/../Frameworks";
				PRODUCT_BUNDLE_IDENTIFIER = com.epistrophyproducts.VesselLookup;
				PRODUCT_NAME = "Ocean Vessels";
			};
			name = Debug;
		};
		80BA46801CCBE173001A31A2 /* Release */ = {
			isa = XCBuildConfiguration;
			baseConfigurationReference = A333B3BBCE8E950B1BF6A1A2 /* Pods-VesselLookup.release.xcconfig */;
			buildSettings = {
				ASSETCATALOG_COMPILER_APPICON_NAME = AppIcon;
				CODE_SIGN_ENTITLEMENTS = VesselLookup/VesselLookup.entitlements;
				CODE_SIGN_IDENTITY = "Developer ID Application";
				COMBINE_HIDPI_IMAGES = YES;
				INFOPLIST_FILE = VesselLookup/Info.plist;
				LD_RUNPATH_SEARCH_PATHS = "$(inherited) @executable_path/../Frameworks";
				PRODUCT_BUNDLE_IDENTIFIER = com.epistrophyproducts.VesselLookup;
				PRODUCT_NAME = "Ocean Vessels";
			};
			name = Release;
		};
/* End XCBuildConfiguration section */

/* Begin XCConfigurationList section */
		80BA466C1CCBE173001A31A2 /* Build configuration list for PBXProject "VesselLookup" */ = {
			isa = XCConfigurationList;
			buildConfigurations = (
				80BA467C1CCBE173001A31A2 /* Debug */,
				80BA467D1CCBE173001A31A2 /* Release */,
			);
			defaultConfigurationIsVisible = 0;
			defaultConfigurationName = Release;
		};
		80BA467E1CCBE173001A31A2 /* Build configuration list for PBXNativeTarget "VesselLookup" */ = {
			isa = XCConfigurationList;
			buildConfigurations = (
				80BA467F1CCBE173001A31A2 /* Debug */,
				80BA46801CCBE173001A31A2 /* Release */,
			);
			defaultConfigurationIsVisible = 0;
			defaultConfigurationName = Release;
		};
/* End XCConfigurationList section */
	};
	rootObject = 80BA46691CCBE173001A31A2 /* Project object */;
}
